
Microsoft Visual Studio Solution File, Format Version 12.00
# Visual Studio Version 17
VisualStudioVersion = 17.8.34525.116
MinimumVisualStudioVersion = 10.0.40219.1
Project("{FAE04EC0-301F-11D3-BF4B-00C04F79EFBC}") = "kyrsovaia", "kyrsovaia\kyrsovaia.csproj", "{454D56E6-3EC9-4E08-A5D7-70300E5F95F5}"
EndProject
Global
	GlobalSection(SolutionConfigurationPlatforms) = preSolution
		Debug|Any CPU = Debug|Any CPU
		Release|Any CPU = Release|Any CPU
	EndGlobalSection
	GlobalSection(ProjectConfigurationPlatforms) = postSolution
		{454D56E6-3EC9-4E08-A5D7-70300E5F95F5}.Debug|Any CPU.ActiveCfg = Debug|Any CPU
		{454D56E6-3EC9-4E08-A5D7-70300E5F95F5}.Debug|Any CPU.Build.0 = Debug|Any CPU
		{454D56E6-3EC9-4E08-A5D7-70300E5F95F5}.Release|Any CPU.ActiveCfg = Release|Any CPU
		{454D56E6-3EC9-4E08-A5D7-70300E5F95F5}.Release|Any CPU.Build.0 = Release|Any CPU
	EndGlobalSection
	GlobalSection(SolutionProperties) = preSolution
		HideSolutionNode = FALSE
	EndGlobalSection
	GlobalSection(ExtensibilityGlobals) = postSolution
		SolutionGuid = {4EA01FE7-74E6-4852-ADCF-9552AC422672}
	EndGlobalSection
EndGlobal
