
Microsoft Visual Studio Solution File, Format Version 12.00
# Visual Studio Version 17
VisualStudioVersion = 17.7.34221.43
MinimumVisualStudioVersion = 10.0.40219.1
Project("{FAE04EC0-301F-11D3-BF4B-00C04F79EFBC}") = "masterskaya", "masterskaya\masterskaya.csproj", "{B4B4A717-6424-41CC-A3FD-E38880DC3A6C}"
EndProject
Global
	GlobalSection(SolutionConfigurationPlatforms) = preSolution
		Debug|Any CPU = Debug|Any CPU
		Release|Any CPU = Release|Any CPU
	EndGlobalSection
	GlobalSection(ProjectConfigurationPlatforms) = postSolution
		{B4B4A717-6424-41CC-A3FD-E38880DC3A6C}.Debug|Any CPU.ActiveCfg = Debug|Any CPU
		{B4B4A717-6424-41CC-A3FD-E38880DC3A6C}.Debug|Any CPU.Build.0 = Debug|Any CPU
		{B4B4A717-6424-41CC-A3FD-E38880DC3A6C}.Release|Any CPU.ActiveCfg = Release|Any CPU
		{B4B4A717-6424-41CC-A3FD-E38880DC3A6C}.Release|Any CPU.Build.0 = Release|Any CPU
	EndGlobalSection
	GlobalSection(SolutionProperties) = preSolution
		HideSolutionNode = FALSE
	EndGlobalSection
	GlobalSection(ExtensibilityGlobals) = postSolution
		SolutionGuid = {DC6EB419-2C15-4835-9F97-E5253B1CC635}
	EndGlobalSection
EndGlobal
